
Microsoft Visual Studio Solution File, Format Version 12.00
# Visual Studio Version 16
VisualStudioVersion = 16.0.30204.135
MinimumVisualStudioVersion = 10.0.40219.1
Project("{FAE04EC0-301F-11D3-BF4B-00C04F79EFBC}") = "GreenProjectMobile.Android", "GreenProjectMobile\GreenProjectMobile.Android\GreenProjectMobile.Android.csproj", "{5608CB03-48B5-43E5-94B5-5ABA98CD5CB6}"
EndProject
Project("{FAE04EC0-301F-11D3-BF4B-00C04F79EFBC}") = "GreenProjectMobile.iOS", "GreenProjectMobile\GreenProjectMobile.iOS\GreenProjectMobile.iOS.csproj", "{9BA68413-065D-40D5-83A4-224AEE7805CB}"
EndProject
Project("{9A19103F-16F7-4668-BE54-9A1E7A4F7556}") = "GreenProjectMobile", "GreenProjectMobile\GreenProjectMobile\GreenProjectMobile.csproj", "{F056B59C-4BAF-4FAF-B94A-FAAB8578AA20}"
EndProject
Global
	GlobalSection(SolutionConfigurationPlatforms) = preSolution
		Debug|Any CPU = Debug|Any CPU
		Debug|iPhone = Debug|iPhone
		Debug|iPhoneSimulator = Debug|iPhoneSimulator
		Release|Any CPU = Release|Any CPU
		Release|iPhone = Release|iPhone
		Release|iPhoneSimulator = Release|iPhoneSimulator
	EndGlobalSection
	GlobalSection(ProjectConfigurationPlatforms) = postSolution
		{5608CB03-48B5-43E5-94B5-5ABA98CD5CB6}.Debug|Any CPU.ActiveCfg = Debug|Any CPU
		{5608CB03-48B5-43E5-94B5-5ABA98CD5CB6}.Debug|Any CPU.Build.0 = Debug|Any CPU
		{5608CB03-48B5-43E5-94B5-5ABA98CD5CB6}.Debug|Any CPU.Deploy.0 = Debug|Any CPU
		{5608CB03-48B5-43E5-94B5-5ABA98CD5CB6}.Debug|iPhone.ActiveCfg = Debug|Any CPU
		{5608CB03-48B5-43E5-94B5-5ABA98CD5CB6}.Debug|iPhone.Build.0 = Debug|Any CPU
		{5608CB03-48B5-43E5-94B5-5ABA98CD5CB6}.Debug|iPhone.Deploy.0 = Debug|Any CPU
		{5608CB03-48B5-43E5-94B5-5ABA98CD5CB6}.Debug|iPhoneSimulator.ActiveCfg = Debug|Any CPU
		{5608CB03-48B5-43E5-94B5-5ABA98CD5CB6}.Debug|iPhoneSimulator.Build.0 = Debug|Any CPU
		{5608CB03-48B5-43E5-94B5-5ABA98CD5CB6}.Debug|iPhoneSimulator.Deploy.0 = Debug|Any CPU
		{5608CB03-48B5-43E5-94B5-5ABA98CD5CB6}.Release|Any CPU.ActiveCfg = Release|Any CPU
		{5608CB03-48B5-43E5-94B5-5ABA98CD5CB6}.Release|Any CPU.Build.0 = Release|Any CPU
		{5608CB03-48B5-43E5-94B5-5ABA98CD5CB6}.Release|Any CPU.Deploy.0 = Release|Any CPU
		{5608CB03-48B5-43E5-94B5-5ABA98CD5CB6}.Release|iPhone.ActiveCfg = Release|Any CPU
		{5608CB03-48B5-43E5-94B5-5ABA98CD5CB6}.Release|iPhone.Build.0 = Release|Any CPU
		{5608CB03-48B5-43E5-94B5-5ABA98CD5CB6}.Release|iPhone.Deploy.0 = Release|Any CPU
		{5608CB03-48B5-43E5-94B5-5ABA98CD5CB6}.Release|iPhoneSimulator.ActiveCfg = Release|Any CPU
		{5608CB03-48B5-43E5-94B5-5ABA98CD5CB6}.Release|iPhoneSimulator.Build.0 = Release|Any CPU
		{5608CB03-48B5-43E5-94B5-5ABA98CD5CB6}.Release|iPhoneSimulator.Deploy.0 = Release|Any CPU
		{9BA68413-065D-40D5-83A4-224AEE7805CB}.Debug|Any CPU.ActiveCfg = Debug|iPhone
		{9BA68413-065D-40D5-83A4-224AEE7805CB}.Debug|Any CPU.Build.0 = Debug|iPhone
		{9BA68413-065D-40D5-83A4-224AEE7805CB}.Debug|Any CPU.Deploy.0 = Debug|iPhone
		{9BA68413-065D-40D5-83A4-224AEE7805CB}.Debug|iPhone.ActiveCfg = Debug|iPhone
		{9BA68413-065D-40D5-83A4-224AEE7805CB}.Debug|iPhone.Build.0 = Debug|iPhone
		{9BA68413-065D-40D5-83A4-224AEE7805CB}.Debug|iPhone.Deploy.0 = Debug|iPhone
		{9BA68413-065D-40D5-83A4-224AEE7805CB}.Debug|iPhoneSimulator.ActiveCfg = Debug|iPhoneSimulator
		{9BA68413-065D-40D5-83A4-224AEE7805CB}.Debug|iPhoneSimulator.Build.0 = Debug|iPhoneSimulator
		{9BA68413-065D-40D5-83A4-224AEE7805CB}.Debug|iPhoneSimulator.Deploy.0 = Debug|iPhoneSimulator
		{9BA68413-065D-40D5-83A4-224AEE7805CB}.Release|Any CPU.ActiveCfg = Release|iPhone
		{9BA68413-065D-40D5-83A4-224AEE7805CB}.Release|Any CPU.Build.0 = Release|iPhone
		{9BA68413-065D-40D5-83A4-224AEE7805CB}.Release|Any CPU.Deploy.0 = Release|iPhone
		{9BA68413-065D-40D5-83A4-224AEE7805CB}.Release|iPhone.ActiveCfg = Release|iPhone
		{9BA68413-065D-40D5-83A4-224AEE7805CB}.Release|iPhone.Build.0 = Release|iPhone
		{9BA68413-065D-40D5-83A4-224AEE7805CB}.Release|iPhone.Deploy.0 = Release|iPhone
		{9BA68413-065D-40D5-83A4-224AEE7805CB}.Release|iPhoneSimulator.ActiveCfg = Release|iPhoneSimulator
		{9BA68413-065D-40D5-83A4-224AEE7805CB}.Release|iPhoneSimulator.Build.0 = Release|iPhoneSimulator
		{9BA68413-065D-40D5-83A4-224AEE7805CB}.Release|iPhoneSimulator.Deploy.0 = Release|iPhoneSimulator
		{F056B59C-4BAF-4FAF-B94A-FAAB8578AA20}.Debug|Any CPU.ActiveCfg = Debug|Any CPU
		{F056B59C-4BAF-4FAF-B94A-FAAB8578AA20}.Debug|Any CPU.Build.0 = Debug|Any CPU
		{F056B59C-4BAF-4FAF-B94A-FAAB8578AA20}.Debug|Any CPU.Deploy.0 = Debug|Any CPU
		{F056B59C-4BAF-4FAF-B94A-FAAB8578AA20}.Debug|iPhone.ActiveCfg = Debug|Any CPU
		{F056B59C-4BAF-4FAF-B94A-FAAB8578AA20}.Debug|iPhone.Build.0 = Debug|Any CPU
		{F056B59C-4BAF-4FAF-B94A-FAAB8578AA20}.Debug|iPhone.Deploy.0 = Debug|Any CPU
		{F056B59C-4BAF-4FAF-B94A-FAAB8578AA20}.Debug|iPhoneSimulator.ActiveCfg = Debug|Any CPU
		{F056B59C-4BAF-4FAF-B94A-FAAB8578AA20}.Debug|iPhoneSimulator.Build.0 = Debug|Any CPU
		{F056B59C-4BAF-4FAF-B94A-FAAB8578AA20}.Debug|iPhoneSimulator.Deploy.0 = Debug|Any CPU
		{F056B59C-4BAF-4FAF-B94A-FAAB8578AA20}.Release|Any CPU.ActiveCfg = Release|Any CPU
		{F056B59C-4BAF-4FAF-B94A-FAAB8578AA20}.Release|Any CPU.Build.0 = Release|Any CPU
		{F056B59C-4BAF-4FAF-B94A-FAAB8578AA20}.Release|Any CPU.Deploy.0 = Release|Any CPU
		{F056B59C-4BAF-4FAF-B94A-FAAB8578AA20}.Release|iPhone.ActiveCfg = Release|Any CPU
		{F056B59C-4BAF-4FAF-B94A-FAAB8578AA20}.Release|iPhone.Build.0 = Release|Any CPU
		{F056B59C-4BAF-4FAF-B94A-FAAB8578AA20}.Release|iPhone.Deploy.0 = Release|Any CPU
		{F056B59C-4BAF-4FAF-B94A-FAAB8578AA20}.Release|iPhoneSimulator.ActiveCfg = Release|Any CPU
		{F056B59C-4BAF-4FAF-B94A-FAAB8578AA20}.Release|iPhoneSimulator.Build.0 = Release|Any CPU
		{F056B59C-4BAF-4FAF-B94A-FAAB8578AA20}.Release|iPhoneSimulator.Deploy.0 = Release|Any CPU
	EndGlobalSection
	GlobalSection(SolutionProperties) = preSolution
		HideSolutionNode = FALSE
	EndGlobalSection
	GlobalSection(ExtensibilityGlobals) = postSolution
		SolutionGuid = {A5288B46-0116-429E-9DC0-E24D5FDEB413}
	EndGlobalSection
EndGlobal
