
Microsoft Visual Studio Solution File, Format Version 12.00
# Visual Studio Version 16
VisualStudioVersion = 16.0.29920.165
MinimumVisualStudioVersion = 10.0.40219.1
Project("{FAE04EC0-301F-11D3-BF4B-00C04F79EFBC}") = "GreenUp.Android", "GreenUp.Android\GreenUp.Android.csproj", "{EFEDE263-4D0E-4397-8231-E5C850608DB7}"
EndProject
Project("{FAE04EC0-301F-11D3-BF4B-00C04F79EFBC}") = "GreenUp.iOS", "GreenUp.iOS\GreenUp.iOS.csproj", "{981E153D-0BFD-46EE-911A-BE597ADE9D7C}"
EndProject
Project("{FAE04EC0-301F-11D3-BF4B-00C04F79EFBC}") = "GreenUp", "GreenUp\GreenUp.csproj", "{807B064C-2052-43B5-AABB-5E5E87F7ECA8}"
EndProject
Global
	GlobalSection(SolutionConfigurationPlatforms) = preSolution
		Debug|Any CPU = Debug|Any CPU
		Debug|iPhone = Debug|iPhone
		Debug|iPhoneSimulator = Debug|iPhoneSimulator
		Release|Any CPU = Release|Any CPU
		Release|iPhone = Release|iPhone
		Release|iPhoneSimulator = Release|iPhoneSimulator
	EndGlobalSection
	GlobalSection(ProjectConfigurationPlatforms) = postSolution
		{EFEDE263-4D0E-4397-8231-E5C850608DB7}.Debug|Any CPU.ActiveCfg = Debug|Any CPU
		{EFEDE263-4D0E-4397-8231-E5C850608DB7}.Debug|Any CPU.Build.0 = Debug|Any CPU
		{EFEDE263-4D0E-4397-8231-E5C850608DB7}.Debug|Any CPU.Deploy.0 = Debug|Any CPU
		{EFEDE263-4D0E-4397-8231-E5C850608DB7}.Debug|iPhone.ActiveCfg = Debug|Any CPU
		{EFEDE263-4D0E-4397-8231-E5C850608DB7}.Debug|iPhone.Build.0 = Debug|Any CPU
		{EFEDE263-4D0E-4397-8231-E5C850608DB7}.Debug|iPhone.Deploy.0 = Debug|Any CPU
		{EFEDE263-4D0E-4397-8231-E5C850608DB7}.Debug|iPhoneSimulator.ActiveCfg = Debug|Any CPU
		{EFEDE263-4D0E-4397-8231-E5C850608DB7}.Debug|iPhoneSimulator.Build.0 = Debug|Any CPU
		{EFEDE263-4D0E-4397-8231-E5C850608DB7}.Debug|iPhoneSimulator.Deploy.0 = Debug|Any CPU
		{EFEDE263-4D0E-4397-8231-E5C850608DB7}.Release|Any CPU.ActiveCfg = Release|Any CPU
		{EFEDE263-4D0E-4397-8231-E5C850608DB7}.Release|Any CPU.Build.0 = Release|Any CPU
		{EFEDE263-4D0E-4397-8231-E5C850608DB7}.Release|Any CPU.Deploy.0 = Release|Any CPU
		{EFEDE263-4D0E-4397-8231-E5C850608DB7}.Release|iPhone.ActiveCfg = Release|Any CPU
		{EFEDE263-4D0E-4397-8231-E5C850608DB7}.Release|iPhone.Build.0 = Release|Any CPU
		{EFEDE263-4D0E-4397-8231-E5C850608DB7}.Release|iPhone.Deploy.0 = Release|Any CPU
		{EFEDE263-4D0E-4397-8231-E5C850608DB7}.Release|iPhoneSimulator.ActiveCfg = Release|Any CPU
		{EFEDE263-4D0E-4397-8231-E5C850608DB7}.Release|iPhoneSimulator.Build.0 = Release|Any CPU
		{EFEDE263-4D0E-4397-8231-E5C850608DB7}.Release|iPhoneSimulator.Deploy.0 = Release|Any CPU
		{981E153D-0BFD-46EE-911A-BE597ADE9D7C}.Debug|Any CPU.ActiveCfg = Debug|iPhone
		{981E153D-0BFD-46EE-911A-BE597ADE9D7C}.Debug|Any CPU.Build.0 = Debug|iPhone
		{981E153D-0BFD-46EE-911A-BE597ADE9D7C}.Debug|Any CPU.Deploy.0 = Debug|iPhone
		{981E153D-0BFD-46EE-911A-BE597ADE9D7C}.Debug|iPhone.ActiveCfg = Debug|iPhone
		{981E153D-0BFD-46EE-911A-BE597ADE9D7C}.Debug|iPhone.Build.0 = Debug|iPhone
		{981E153D-0BFD-46EE-911A-BE597ADE9D7C}.Debug|iPhone.Deploy.0 = Debug|iPhone
		{981E153D-0BFD-46EE-911A-BE597ADE9D7C}.Debug|iPhoneSimulator.ActiveCfg = Debug|iPhoneSimulator
		{981E153D-0BFD-46EE-911A-BE597ADE9D7C}.Debug|iPhoneSimulator.Build.0 = Debug|iPhoneSimulator
		{981E153D-0BFD-46EE-911A-BE597ADE9D7C}.Debug|iPhoneSimulator.Deploy.0 = Debug|iPhoneSimulator
		{981E153D-0BFD-46EE-911A-BE597ADE9D7C}.Release|Any CPU.ActiveCfg = Release|iPhone
		{981E153D-0BFD-46EE-911A-BE597ADE9D7C}.Release|Any CPU.Build.0 = Release|iPhone
		{981E153D-0BFD-46EE-911A-BE597ADE9D7C}.Release|Any CPU.Deploy.0 = Release|iPhone
		{981E153D-0BFD-46EE-911A-BE597ADE9D7C}.Release|iPhone.ActiveCfg = Release|iPhone
		{981E153D-0BFD-46EE-911A-BE597ADE9D7C}.Release|iPhone.Build.0 = Release|iPhone
		{981E153D-0BFD-46EE-911A-BE597ADE9D7C}.Release|iPhone.Deploy.0 = Release|iPhone
		{981E153D-0BFD-46EE-911A-BE597ADE9D7C}.Release|iPhoneSimulator.ActiveCfg = Release|iPhoneSimulator
		{981E153D-0BFD-46EE-911A-BE597ADE9D7C}.Release|iPhoneSimulator.Build.0 = Release|iPhoneSimulator
		{981E153D-0BFD-46EE-911A-BE597ADE9D7C}.Release|iPhoneSimulator.Deploy.0 = Release|iPhoneSimulator
		{807B064C-2052-43B5-AABB-5E5E87F7ECA8}.Debug|Any CPU.ActiveCfg = Debug|Any CPU
		{807B064C-2052-43B5-AABB-5E5E87F7ECA8}.Debug|Any CPU.Build.0 = Debug|Any CPU
		{807B064C-2052-43B5-AABB-5E5E87F7ECA8}.Debug|Any CPU.Deploy.0 = Debug|Any CPU
		{807B064C-2052-43B5-AABB-5E5E87F7ECA8}.Debug|iPhone.ActiveCfg = Debug|Any CPU
		{807B064C-2052-43B5-AABB-5E5E87F7ECA8}.Debug|iPhone.Build.0 = Debug|Any CPU
		{807B064C-2052-43B5-AABB-5E5E87F7ECA8}.Debug|iPhone.Deploy.0 = Debug|Any CPU
		{807B064C-2052-43B5-AABB-5E5E87F7ECA8}.Debug|iPhoneSimulator.ActiveCfg = Debug|Any CPU
		{807B064C-2052-43B5-AABB-5E5E87F7ECA8}.Debug|iPhoneSimulator.Build.0 = Debug|Any CPU
		{807B064C-2052-43B5-AABB-5E5E87F7ECA8}.Debug|iPhoneSimulator.Deploy.0 = Debug|Any CPU
		{807B064C-2052-43B5-AABB-5E5E87F7ECA8}.Release|Any CPU.ActiveCfg = Release|Any CPU
		{807B064C-2052-43B5-AABB-5E5E87F7ECA8}.Release|Any CPU.Build.0 = Release|Any CPU
		{807B064C-2052-43B5-AABB-5E5E87F7ECA8}.Release|Any CPU.Deploy.0 = Release|Any CPU
		{807B064C-2052-43B5-AABB-5E5E87F7ECA8}.Release|iPhone.ActiveCfg = Release|Any CPU
		{807B064C-2052-43B5-AABB-5E5E87F7ECA8}.Release|iPhone.Build.0 = Release|Any CPU
		{807B064C-2052-43B5-AABB-5E5E87F7ECA8}.Release|iPhone.Deploy.0 = Release|Any CPU
		{807B064C-2052-43B5-AABB-5E5E87F7ECA8}.Release|iPhoneSimulator.ActiveCfg = Release|Any CPU
		{807B064C-2052-43B5-AABB-5E5E87F7ECA8}.Release|iPhoneSimulator.Build.0 = Release|Any CPU
		{807B064C-2052-43B5-AABB-5E5E87F7ECA8}.Release|iPhoneSimulator.Deploy.0 = Release|Any CPU
	EndGlobalSection
	GlobalSection(SolutionProperties) = preSolution
		HideSolutionNode = FALSE
	EndGlobalSection
	GlobalSection(ExtensibilityGlobals) = postSolution
		SolutionGuid = {3F5E9B74-251B-4256-B710-7B05C025DBBB}
	EndGlobalSection
EndGlobal
